{
  "version": "3",
  "packages": {
    "specifiers": {
      "jsr:@libs/xml@^5.4.12": "jsr:@libs/xml@5.4.12",
      "jsr:@std/datetime@^0.224.3": "jsr:@std/datetime@0.224.3",
      "jsr:@std/path@^1.0.1": "jsr:@std/path@1.0.1",
      "npm:@lowlighter/xml@^5.4.12": "npm:@lowlighter/xml@5.4.12",
      "npm:@types/node@20": "npm:@types/node@20.14.11",
      "npm:sass@^1.77.8": "npm:sass@1.77.8",
      "npm:vitepress@^1.3.1": "npm:vitepress@1.3.1_vite@5.3.4_vue@3.4.33_focus-trap@7.5.4",
      "npm:vue@^3.4.33": "npm:vue@3.4.33"
    },
    "jsr": {
      "@libs/xml@5.4.12": {
        "integrity": "57f0d480a40ba490c1f5efffda8f7bcf79812a351cdf014375093c6ec306c53d"
      },
      "@std/datetime@0.224.3": {
        "integrity": "43197d0b2e00444fb169275b79a3e8fa506fd65c92398a207d71fd3e69b26c5b"
      },
      "@std/path@1.0.1": {
        "integrity": "e061ff02c28481ca49e3a14981875c345e9fc7e973190672782cd0ac8af70428"
      }
    },
    "npm": {
      "@algolia/autocomplete-core@1.9.3_algoliasearch@4.24.0": {
        "integrity": "sha512-009HdfugtGCdC4JdXUbVJClA0q0zh24yyePn+KUGk3rP7j8FEe/m5Yo/z65gn6nP/cM39PxpzqKrL7A6fP6PPw==",
        "dependencies": {
          "@algolia/autocomplete-plugin-algolia-insights": "@algolia/autocomplete-plugin-algolia-insights@1.9.3_search-insights@2.15.0_algoliasearch@4.24.0",
          "@algolia/autocomplete-shared": "@algolia/autocomplete-shared@1.9.3_@algolia+client-search@4.24.0_algoliasearch@4.24.0"
        }
      },
      "@algolia/autocomplete-plugin-algolia-insights@1.9.3_search-insights@2.15.0_algoliasearch@4.24.0": {
        "integrity": "sha512-a/yTUkcO/Vyy+JffmAnTWbr4/90cLzw+CC3bRbhnULr/EM0fGNvM13oQQ14f2moLMcVDyAx/leczLlAOovhSZg==",
        "dependencies": {
          "@algolia/autocomplete-shared": "@algolia/autocomplete-shared@1.9.3_@algolia+client-search@4.24.0_algoliasearch@4.24.0",
          "search-insights": "search-insights@2.15.0"
        }
      },
      "@algolia/autocomplete-preset-algolia@1.9.3_@algolia+client-search@4.24.0_algoliasearch@4.24.0": {
        "integrity": "sha512-d4qlt6YmrLMYy95n5TB52wtNDr6EgAIPH81dvvvW8UmuWRgxEtY0NJiPwl/h95JtG2vmRM804M0DSwMCNZlzRA==",
        "dependencies": {
          "@algolia/autocomplete-shared": "@algolia/autocomplete-shared@1.9.3_@algolia+client-search@4.24.0_algoliasearch@4.24.0",
          "@algolia/client-search": "@algolia/client-search@4.24.0",
          "algoliasearch": "algoliasearch@4.24.0"
        }
      },
      "@algolia/autocomplete-shared@1.9.3_@algolia+client-search@4.24.0_algoliasearch@4.24.0": {
        "integrity": "sha512-Wnm9E4Ye6Rl6sTTqjoymD+l8DjSTHsHboVRYrKgEt8Q7UHm9nYbqhN/i0fhUYA3OAEH7WA8x3jfpnmJm3rKvaQ==",
        "dependencies": {
          "@algolia/client-search": "@algolia/client-search@4.24.0",
          "algoliasearch": "algoliasearch@4.24.0"
        }
      },
      "@algolia/cache-browser-local-storage@4.24.0": {
        "integrity": "sha512-t63W9BnoXVrGy9iYHBgObNXqYXM3tYXCjDSHeNwnsc324r4o5UiVKUiAB4THQ5z9U5hTj6qUvwg/Ez43ZD85ww==",
        "dependencies": {
          "@algolia/cache-common": "@algolia/cache-common@4.24.0"
        }
      },
      "@algolia/cache-common@4.24.0": {
        "integrity": "sha512-emi+v+DmVLpMGhp0V9q9h5CdkURsNmFC+cOS6uK9ndeJm9J4TiqSvPYVu+THUP8P/S08rxf5x2P+p3CfID0Y4g==",
        "dependencies": {}
      },
      "@algolia/cache-in-memory@4.24.0": {
        "integrity": "sha512-gDrt2so19jW26jY3/MkFg5mEypFIPbPoXsQGQWAi6TrCPsNOSEYepBMPlucqWigsmEy/prp5ug2jy/N3PVG/8w==",
        "dependencies": {
          "@algolia/cache-common": "@algolia/cache-common@4.24.0"
        }
      },
      "@algolia/client-account@4.24.0": {
        "integrity": "sha512-adcvyJ3KjPZFDybxlqnf+5KgxJtBjwTPTeyG2aOyoJvx0Y8dUQAEOEVOJ/GBxX0WWNbmaSrhDURMhc+QeevDsA==",
        "dependencies": {
          "@algolia/client-common": "@algolia/client-common@4.24.0",
          "@algolia/client-search": "@algolia/client-search@4.24.0",
          "@algolia/transporter": "@algolia/transporter@4.24.0"
        }
      },
      "@algolia/client-analytics@4.24.0": {
        "integrity": "sha512-y8jOZt1OjwWU4N2qr8G4AxXAzaa8DBvyHTWlHzX/7Me1LX8OayfgHexqrsL4vSBcoMmVw2XnVW9MhL+Y2ZDJXg==",
        "dependencies": {
          "@algolia/client-common": "@algolia/client-common@4.24.0",
          "@algolia/client-search": "@algolia/client-search@4.24.0",
          "@algolia/requester-common": "@algolia/requester-common@4.24.0",
          "@algolia/transporter": "@algolia/transporter@4.24.0"
        }
      },
      "@algolia/client-common@4.24.0": {
        "integrity": "sha512-bc2ROsNL6w6rqpl5jj/UywlIYC21TwSSoFHKl01lYirGMW+9Eek6r02Tocg4gZ8HAw3iBvu6XQiM3BEbmEMoiA==",
        "dependencies": {
          "@algolia/requester-common": "@algolia/requester-common@4.24.0",
          "@algolia/transporter": "@algolia/transporter@4.24.0"
        }
      },
      "@algolia/client-personalization@4.24.0": {
        "integrity": "sha512-l5FRFm/yngztweU0HdUzz1rC4yoWCFo3IF+dVIVTfEPg906eZg5BOd1k0K6rZx5JzyyoP4LdmOikfkfGsKVE9w==",
        "dependencies": {
          "@algolia/client-common": "@algolia/client-common@4.24.0",
          "@algolia/requester-common": "@algolia/requester-common@4.24.0",
          "@algolia/transporter": "@algolia/transporter@4.24.0"
        }
      },
      "@algolia/client-search@4.24.0": {
        "integrity": "sha512-uRW6EpNapmLAD0mW47OXqTP8eiIx5F6qN9/x/7HHO6owL3N1IXqydGwW5nhDFBrV+ldouro2W1VX3XlcUXEFCA==",
        "dependencies": {
          "@algolia/client-common": "@algolia/client-common@4.24.0",
          "@algolia/requester-common": "@algolia/requester-common@4.24.0",
          "@algolia/transporter": "@algolia/transporter@4.24.0"
        }
      },
      "@algolia/logger-common@4.24.0": {
        "integrity": "sha512-LLUNjkahj9KtKYrQhFKCzMx0BY3RnNP4FEtO+sBybCjJ73E8jNdaKJ/Dd8A/VA4imVHP5tADZ8pn5B8Ga/wTMA==",
        "dependencies": {}
      },
      "@algolia/logger-console@4.24.0": {
        "integrity": "sha512-X4C8IoHgHfiUROfoRCV+lzSy+LHMgkoEEU1BbKcsfnV0i0S20zyy0NLww9dwVHUWNfPPxdMU+/wKmLGYf96yTg==",
        "dependencies": {
          "@algolia/logger-common": "@algolia/logger-common@4.24.0"
        }
      },
      "@algolia/recommend@4.24.0": {
        "integrity": "sha512-P9kcgerfVBpfYHDfVZDvvdJv0lEoCvzNlOy2nykyt5bK8TyieYyiD0lguIJdRZZYGre03WIAFf14pgE+V+IBlw==",
        "dependencies": {
          "@algolia/cache-browser-local-storage": "@algolia/cache-browser-local-storage@4.24.0",
          "@algolia/cache-common": "@algolia/cache-common@4.24.0",
          "@algolia/cache-in-memory": "@algolia/cache-in-memory@4.24.0",
          "@algolia/client-common": "@algolia/client-common@4.24.0",
          "@algolia/client-search": "@algolia/client-search@4.24.0",
          "@algolia/logger-common": "@algolia/logger-common@4.24.0",
          "@algolia/logger-console": "@algolia/logger-console@4.24.0",
          "@algolia/requester-browser-xhr": "@algolia/requester-browser-xhr@4.24.0",
          "@algolia/requester-common": "@algolia/requester-common@4.24.0",
          "@algolia/requester-node-http": "@algolia/requester-node-http@4.24.0",
          "@algolia/transporter": "@algolia/transporter@4.24.0"
        }
      },
      "@algolia/requester-browser-xhr@4.24.0": {
        "integrity": "sha512-Z2NxZMb6+nVXSjF13YpjYTdvV3032YTBSGm2vnYvYPA6mMxzM3v5rsCiSspndn9rzIW4Qp1lPHBvuoKJV6jnAA==",
        "dependencies": {
          "@algolia/requester-common": "@algolia/requester-common@4.24.0"
        }
      },
      "@algolia/requester-common@4.24.0": {
        "integrity": "sha512-k3CXJ2OVnvgE3HMwcojpvY6d9kgKMPRxs/kVohrwF5WMr2fnqojnycZkxPoEg+bXm8fi5BBfFmOqgYztRtHsQA==",
        "dependencies": {}
      },
      "@algolia/requester-node-http@4.24.0": {
        "integrity": "sha512-JF18yTjNOVYvU/L3UosRcvbPMGT9B+/GQWNWnenIImglzNVGpyzChkXLnrSf6uxwVNO6ESGu6oN8MqcGQcjQJw==",
        "dependencies": {
          "@algolia/requester-common": "@algolia/requester-common@4.24.0"
        }
      },
      "@algolia/transporter@4.24.0": {
        "integrity": "sha512-86nI7w6NzWxd1Zp9q3413dRshDqAzSbsQjhcDhPIatEFiZrL1/TjnHL8S7jVKFePlIMzDsZWXAXwXzcok9c5oA==",
        "dependencies": {
          "@algolia/cache-common": "@algolia/cache-common@4.24.0",
          "@algolia/logger-common": "@algolia/logger-common@4.24.0",
          "@algolia/requester-common": "@algolia/requester-common@4.24.0"
        }
      },
      "@babel/parser@7.24.8": {
        "integrity": "sha512-WzfbgXOkGzZiXXCqk43kKwZjzwx4oulxZi3nq2TYL9mOjQv6kYwul9mz6ID36njuL7Xkp6nJEfok848Zj10j/w==",
        "dependencies": {}
      },
      "@docsearch/css@3.6.1": {
        "integrity": "sha512-VtVb5DS+0hRIprU2CO6ZQjK2Zg4QU5HrDM1+ix6rT0umsYvFvatMAnf97NHZlVWDaaLlx7GRfR/7FikANiM2Fg==",
        "dependencies": {}
      },
      "@docsearch/js@3.6.1": {
        "integrity": "sha512-erI3RRZurDr1xES5hvYJ3Imp7jtrXj6f1xYIzDzxiS7nNBufYWPbJwrmMqWC5g9y165PmxEmN9pklGCdLi0Iqg==",
        "dependencies": {
          "@docsearch/react": "@docsearch/react@3.6.1_algoliasearch@4.24.0",
          "preact": "preact@10.22.1"
        }
      },
      "@docsearch/react@3.6.1_algoliasearch@4.24.0": {
        "integrity": "sha512-qXZkEPvybVhSXj0K7U3bXc233tk5e8PfhoZ6MhPOiik/qUQxYC+Dn9DnoS7CxHQQhHfCvTiN0eY9M12oRghEXw==",
        "dependencies": {
          "@algolia/autocomplete-core": "@algolia/autocomplete-core@1.9.3_algoliasearch@4.24.0",
          "@algolia/autocomplete-preset-algolia": "@algolia/autocomplete-preset-algolia@1.9.3_@algolia+client-search@4.24.0_algoliasearch@4.24.0",
          "@docsearch/css": "@docsearch/css@3.6.1",
          "algoliasearch": "algoliasearch@4.24.0"
        }
      },
      "@esbuild/aix-ppc64@0.21.5": {
        "integrity": "sha512-1SDgH6ZSPTlggy1yI6+Dbkiz8xzpHJEVAlF/AM1tHPLsf5STom9rwtjE4hKAF20FfXXNTFqEYXyJNWh1GiZedQ==",
        "dependencies": {}
      },
      "@esbuild/android-arm64@0.21.5": {
        "integrity": "sha512-c0uX9VAUBQ7dTDCjq+wdyGLowMdtR/GoC2U5IYk/7D1H1JYC0qseD7+11iMP2mRLN9RcCMRcjC4YMclCzGwS/A==",
        "dependencies": {}
      },
      "@esbuild/android-arm@0.21.5": {
        "integrity": "sha512-vCPvzSjpPHEi1siZdlvAlsPxXl7WbOVUBBAowWug4rJHb68Ox8KualB+1ocNvT5fjv6wpkX6o/iEpbDrf68zcg==",
        "dependencies": {}
      },
      "@esbuild/android-x64@0.21.5": {
        "integrity": "sha512-D7aPRUUNHRBwHxzxRvp856rjUHRFW1SdQATKXH2hqA0kAZb1hKmi02OpYRacl0TxIGz/ZmXWlbZgjwWYaCakTA==",
        "dependencies": {}
      },
      "@esbuild/darwin-arm64@0.21.5": {
        "integrity": "sha512-DwqXqZyuk5AiWWf3UfLiRDJ5EDd49zg6O9wclZ7kUMv2WRFr4HKjXp/5t8JZ11QbQfUS6/cRCKGwYhtNAY88kQ==",
        "dependencies": {}
      },
      "@esbuild/darwin-x64@0.21.5": {
        "integrity": "sha512-se/JjF8NlmKVG4kNIuyWMV/22ZaerB+qaSi5MdrXtd6R08kvs2qCN4C09miupktDitvh8jRFflwGFBQcxZRjbw==",
        "dependencies": {}
      },
      "@esbuild/freebsd-arm64@0.21.5": {
        "integrity": "sha512-5JcRxxRDUJLX8JXp/wcBCy3pENnCgBR9bN6JsY4OmhfUtIHe3ZW0mawA7+RDAcMLrMIZaf03NlQiX9DGyB8h4g==",
        "dependencies": {}
      },
      "@esbuild/freebsd-x64@0.21.5": {
        "integrity": "sha512-J95kNBj1zkbMXtHVH29bBriQygMXqoVQOQYA+ISs0/2l3T9/kj42ow2mpqerRBxDJnmkUDCaQT/dfNXWX/ZZCQ==",
        "dependencies": {}
      },
      "@esbuild/linux-arm64@0.21.5": {
        "integrity": "sha512-ibKvmyYzKsBeX8d8I7MH/TMfWDXBF3db4qM6sy+7re0YXya+K1cem3on9XgdT2EQGMu4hQyZhan7TeQ8XkGp4Q==",
        "dependencies": {}
      },
      "@esbuild/linux-arm@0.21.5": {
        "integrity": "sha512-bPb5AHZtbeNGjCKVZ9UGqGwo8EUu4cLq68E95A53KlxAPRmUyYv2D6F0uUI65XisGOL1hBP5mTronbgo+0bFcA==",
        "dependencies": {}
      },
      "@esbuild/linux-ia32@0.21.5": {
        "integrity": "sha512-YvjXDqLRqPDl2dvRODYmmhz4rPeVKYvppfGYKSNGdyZkA01046pLWyRKKI3ax8fbJoK5QbxblURkwK/MWY18Tg==",
        "dependencies": {}
      },
      "@esbuild/linux-loong64@0.21.5": {
        "integrity": "sha512-uHf1BmMG8qEvzdrzAqg2SIG/02+4/DHB6a9Kbya0XDvwDEKCoC8ZRWI5JJvNdUjtciBGFQ5PuBlpEOXQj+JQSg==",
        "dependencies": {}
      },
      "@esbuild/linux-mips64el@0.21.5": {
        "integrity": "sha512-IajOmO+KJK23bj52dFSNCMsz1QP1DqM6cwLUv3W1QwyxkyIWecfafnI555fvSGqEKwjMXVLokcV5ygHW5b3Jbg==",
        "dependencies": {}
      },
      "@esbuild/linux-ppc64@0.21.5": {
        "integrity": "sha512-1hHV/Z4OEfMwpLO8rp7CvlhBDnjsC3CttJXIhBi+5Aj5r+MBvy4egg7wCbe//hSsT+RvDAG7s81tAvpL2XAE4w==",
        "dependencies": {}
      },
      "@esbuild/linux-riscv64@0.21.5": {
        "integrity": "sha512-2HdXDMd9GMgTGrPWnJzP2ALSokE/0O5HhTUvWIbD3YdjME8JwvSCnNGBnTThKGEB91OZhzrJ4qIIxk/SBmyDDA==",
        "dependencies": {}
      },
      "@esbuild/linux-s390x@0.21.5": {
        "integrity": "sha512-zus5sxzqBJD3eXxwvjN1yQkRepANgxE9lgOW2qLnmr8ikMTphkjgXu1HR01K4FJg8h1kEEDAqDcZQtbrRnB41A==",
        "dependencies": {}
      },
      "@esbuild/linux-x64@0.21.5": {
        "integrity": "sha512-1rYdTpyv03iycF1+BhzrzQJCdOuAOtaqHTWJZCWvijKD2N5Xu0TtVC8/+1faWqcP9iBCWOmjmhoH94dH82BxPQ==",
        "dependencies": {}
      },
      "@esbuild/netbsd-x64@0.21.5": {
        "integrity": "sha512-Woi2MXzXjMULccIwMnLciyZH4nCIMpWQAs049KEeMvOcNADVxo0UBIQPfSmxB3CWKedngg7sWZdLvLczpe0tLg==",
        "dependencies": {}
      },
      "@esbuild/openbsd-x64@0.21.5": {
        "integrity": "sha512-HLNNw99xsvx12lFBUwoT8EVCsSvRNDVxNpjZ7bPn947b8gJPzeHWyNVhFsaerc0n3TsbOINvRP2byTZ5LKezow==",
        "dependencies": {}
      },
      "@esbuild/sunos-x64@0.21.5": {
        "integrity": "sha512-6+gjmFpfy0BHU5Tpptkuh8+uw3mnrvgs+dSPQXQOv3ekbordwnzTVEb4qnIvQcYXq6gzkyTnoZ9dZG+D4garKg==",
        "dependencies": {}
      },
      "@esbuild/win32-arm64@0.21.5": {
        "integrity": "sha512-Z0gOTd75VvXqyq7nsl93zwahcTROgqvuAcYDUr+vOv8uHhNSKROyU961kgtCD1e95IqPKSQKH7tBTslnS3tA8A==",
        "dependencies": {}
      },
      "@esbuild/win32-ia32@0.21.5": {
        "integrity": "sha512-SWXFF1CL2RVNMaVs+BBClwtfZSvDgtL//G/smwAc5oVK/UPu2Gu9tIaRgFmYFFKrmg3SyAjSrElf0TiJ1v8fYA==",
        "dependencies": {}
      },
      "@esbuild/win32-x64@0.21.5": {
        "integrity": "sha512-tQd/1efJuzPC6rCFwEvLtci/xNFcTZknmXs98FYDfGE4wP9ClFV98nyKrzJKVPMhdDnjzLhdUyMX4PsQAPjwIw==",
        "dependencies": {}
      },
      "@jridgewell/sourcemap-codec@1.5.0": {
        "integrity": "sha512-gv3ZRaISU3fjPAgNsriBRqGWQL6quFx04YMPW/zD8XMLsU32mhCCbfbO6KZFLjvYpCZ8zyDEgqsgf+PwPaM7GQ==",
        "dependencies": {}
      },
      "@lowlighter/xml@5.4.12": {
        "integrity": "sha512-JC2wDuP5QvFpxA7sJIKgfQKf+Bh5eP4/fwUM2BGR0abK1CLcNSP88oDJAnkv2ZbOrQyWZRlKFNKqWAWmyr042w==",
        "dependencies": {}
      },
      "@rollup/rollup-android-arm-eabi@4.19.0": {
        "integrity": "sha512-JlPfZ/C7yn5S5p0yKk7uhHTTnFlvTgLetl2VxqE518QgyM7C9bSfFTYvB/Q/ftkq0RIPY4ySxTz+/wKJ/dXC0w==",
        "dependencies": {}
      },
      "@rollup/rollup-android-arm64@4.19.0": {
        "integrity": "sha512-RDxUSY8D1tWYfn00DDi5myxKgOk6RvWPxhmWexcICt/MEC6yEMr4HNCu1sXXYLw8iAsg0D44NuU+qNq7zVWCrw==",
        "dependencies": {}
      },
      "@rollup/rollup-darwin-arm64@4.19.0": {
        "integrity": "sha512-emvKHL4B15x6nlNTBMtIaC9tLPRpeA5jMvRLXVbl/W9Ie7HhkrE7KQjvgS9uxgatL1HmHWDXk5TTS4IaNJxbAA==",
        "dependencies": {}
      },
      "@rollup/rollup-darwin-x64@4.19.0": {
        "integrity": "sha512-fO28cWA1dC57qCd+D0rfLC4VPbh6EOJXrreBmFLWPGI9dpMlER2YwSPZzSGfq11XgcEpPukPTfEVFtw2q2nYJg==",
        "dependencies": {}
      },
      "@rollup/rollup-linux-arm-gnueabihf@4.19.0": {
        "integrity": "sha512-2Rn36Ubxdv32NUcfm0wB1tgKqkQuft00PtM23VqLuCUR4N5jcNWDoV5iBC9jeGdgS38WK66ElncprqgMUOyomw==",
        "dependencies": {}
      },
      "@rollup/rollup-linux-arm-musleabihf@4.19.0": {
        "integrity": "sha512-gJuzIVdq/X1ZA2bHeCGCISe0VWqCoNT8BvkQ+BfsixXwTOndhtLUpOg0A1Fcx/+eA6ei6rMBzlOz4JzmiDw7JQ==",
        "dependencies": {}
      },
      "@rollup/rollup-linux-arm64-gnu@4.19.0": {
        "integrity": "sha512-0EkX2HYPkSADo9cfeGFoQ7R0/wTKb7q6DdwI4Yn/ULFE1wuRRCHybxpl2goQrx4c/yzK3I8OlgtBu4xvted0ug==",
        "dependencies": {}
      },
      "@rollup/rollup-linux-arm64-musl@4.19.0": {
        "integrity": "sha512-GlIQRj9px52ISomIOEUq/IojLZqzkvRpdP3cLgIE1wUWaiU5Takwlzpz002q0Nxxr1y2ZgxC2obWxjr13lvxNQ==",
        "dependencies": {}
      },
      "@rollup/rollup-linux-powerpc64le-gnu@4.19.0": {
        "integrity": "sha512-N6cFJzssruDLUOKfEKeovCKiHcdwVYOT1Hs6dovDQ61+Y9n3Ek4zXvtghPPelt6U0AH4aDGnDLb83uiJMkWYzQ==",
        "dependencies": {}
      },
      "@rollup/rollup-linux-riscv64-gnu@4.19.0": {
        "integrity": "sha512-2DnD3mkS2uuam/alF+I7M84koGwvn3ZVD7uG+LEWpyzo/bq8+kKnus2EVCkcvh6PlNB8QPNFOz6fWd5N8o1CYg==",
        "dependencies": {}
      },
      "@rollup/rollup-linux-s390x-gnu@4.19.0": {
        "integrity": "sha512-D6pkaF7OpE7lzlTOFCB2m3Ngzu2ykw40Nka9WmKGUOTS3xcIieHe82slQlNq69sVB04ch73thKYIWz/Ian8DUA==",
        "dependencies": {}
      },
      "@rollup/rollup-linux-x64-gnu@4.19.0": {
        "integrity": "sha512-HBndjQLP8OsdJNSxpNIN0einbDmRFg9+UQeZV1eiYupIRuZsDEoeGU43NQsS34Pp166DtwQOnpcbV/zQxM+rWA==",
        "dependencies": {}
      },
      "@rollup/rollup-linux-x64-musl@4.19.0": {
        "integrity": "sha512-HxfbvfCKJe/RMYJJn0a12eiOI9OOtAUF4G6ozrFUK95BNyoJaSiBjIOHjZskTUffUrB84IPKkFG9H9nEvJGW6A==",
        "dependencies": {}
      },
      "@rollup/rollup-win32-arm64-msvc@4.19.0": {
        "integrity": "sha512-HxDMKIhmcguGTiP5TsLNolwBUK3nGGUEoV/BO9ldUBoMLBssvh4J0X8pf11i1fTV7WShWItB1bKAKjX4RQeYmg==",
        "dependencies": {}
      },
      "@rollup/rollup-win32-ia32-msvc@4.19.0": {
        "integrity": "sha512-xItlIAZZaiG/u0wooGzRsx11rokP4qyc/79LkAOdznGRAbOFc+SfEdfUOszG1odsHNgwippUJavag/+W/Etc6Q==",
        "dependencies": {}
      },
      "@rollup/rollup-win32-x64-msvc@4.19.0": {
        "integrity": "sha512-xNo5fV5ycvCCKqiZcpB65VMR11NJB+StnxHz20jdqRAktfdfzhgjTiJ2doTDQE/7dqGaV5I7ZGqKpgph6lCIag==",
        "dependencies": {}
      },
      "@shikijs/core@1.11.0": {
        "integrity": "sha512-VbEhDAhT/2ozO0TPr5/ZQBO/NWLqtk4ZiBf6NplYpF38mKjNfMMied5fNEfIfYfN+cdKvhDB4VMcKvG/g9c3zg==",
        "dependencies": {
          "@types/hast": "@types/hast@3.0.4"
        }
      },
      "@shikijs/transformers@1.11.0": {
        "integrity": "sha512-RNEUyOxF1cPYVG2EvBv0CZeDU1Tp4fSxmsVD2Ofv+8h9hBqqgpq+l+7uyouyqV1JHNlqwRmUwAqrQU3GQQ3csQ==",
        "dependencies": {
          "shiki": "shiki@1.11.0"
        }
      },
      "@types/estree@1.0.5": {
        "integrity": "sha512-/kYRxGDLWzHOB7q+wtSUQlFrtcdUccpfy+X+9iMBpHK8QLLhx2wIPYuS5DYtR9Wa/YlZAbIovy7qVdB1Aq6Lyw==",
        "dependencies": {}
      },
      "@types/hast@3.0.4": {
        "integrity": "sha512-WPs+bbQw5aCj+x6laNGWLH3wviHtoCv/P3+otBhbOhJgG8qtpdAMlTCxLtsTWA7LH1Oh/bFCHsBn0TPS5m30EQ==",
        "dependencies": {
          "@types/unist": "@types/unist@3.0.2"
        }
      },
      "@types/linkify-it@5.0.0": {
        "integrity": "sha512-sVDA58zAw4eWAffKOaQH5/5j3XeayukzDk+ewSsnv3p4yJEZHCCzMDiZM8e0OUrRvmpGZ85jf4yDHkHsgBNr9Q==",
        "dependencies": {}
      },
      "@types/markdown-it@14.1.1": {
        "integrity": "sha512-4NpsnpYl2Gt1ljyBGrKMxFYAYvpqbnnkgP/i/g+NLpjEUa3obn1XJCur9YbEXKDAkaXqsR1LbDnGEJ0MmKFxfg==",
        "dependencies": {
          "@types/linkify-it": "@types/linkify-it@5.0.0",
          "@types/mdurl": "@types/mdurl@2.0.0"
        }
      },
      "@types/mdurl@2.0.0": {
        "integrity": "sha512-RGdgjQUZba5p6QEFAVx2OGb8rQDL/cPRG7GiedRzMcJ1tYnUANBncjbSB1NRGwbvjcPeikRABz2nshyPk1bhWg==",
        "dependencies": {}
      },
      "@types/node@20.14.11": {
        "integrity": "sha512-kprQpL8MMeszbz6ojB5/tU8PLN4kesnN8Gjzw349rDlNgsSzg90lAVj3llK99Dh7JON+t9AuscPPFW6mPbTnSA==",
        "dependencies": {
          "undici-types": "undici-types@5.26.5"
        }
      },
      "@types/unist@3.0.2": {
        "integrity": "sha512-dqId9J8K/vGi5Zr7oo212BGii5m3q5Hxlkwy3WpYuKPklmBEvsbMYYyLxAQpSffdLl/gdW0XUpKWFvYmyoWCoQ==",
        "dependencies": {}
      },
      "@types/web-bluetooth@0.0.20": {
        "integrity": "sha512-g9gZnnXVq7gM7v3tJCWV/qw7w+KeOlSHAhgF9RytFyifW6AF61hdT2ucrYhPq9hLs5JIryeupHV3qGk95dH9ow==",
        "dependencies": {}
      },
      "@vitejs/plugin-vue@5.0.5_vite@5.3.4_vue@3.4.33": {
        "integrity": "sha512-LOjm7XeIimLBZyzinBQ6OSm3UBCNVCpLkxGC0oWmm2YPzVZoxMsdvNVimLTBzpAnR9hl/yn1SHGuRfe6/Td9rQ==",
        "dependencies": {
          "vite": "vite@5.3.4",
          "vue": "vue@3.4.33"
        }
      },
      "@vue/compiler-core@3.4.33": {
        "integrity": "sha512-MoIREbkdPQlnGfSKDMgzTqzqx5nmEjIc0ydLVYlTACGBsfvOJ4tHSbZXKVF536n6fB+0eZaGEOqsGThPpdvF5A==",
        "dependencies": {
          "@babel/parser": "@babel/parser@7.24.8",
          "@vue/shared": "@vue/shared@3.4.33",
          "entities": "entities@4.5.0",
          "estree-walker": "estree-walker@2.0.2",
          "source-map-js": "source-map-js@1.2.0"
        }
      },
      "@vue/compiler-dom@3.4.33": {
        "integrity": "sha512-GzB8fxEHKw0gGet5BKlpfXEqoBnzSVWwMnT+dc25wE7pFEfrU/QsvjZMP9rD4iVXHBBoemTct8mN0GJEI6ZX5A==",
        "dependencies": {
          "@vue/compiler-core": "@vue/compiler-core@3.4.33",
          "@vue/shared": "@vue/shared@3.4.33"
        }
      },
      "@vue/compiler-sfc@3.4.33": {
        "integrity": "sha512-7rk7Vbkn21xMwIUpHQR4hCVejwE6nvhBOiDgoBcR03qvGqRKA7dCBSsHZhwhYUsmjlbJ7OtD5UFIyhP6BY+c8A==",
        "dependencies": {
          "@babel/parser": "@babel/parser@7.24.8",
          "@vue/compiler-core": "@vue/compiler-core@3.4.33",
          "@vue/compiler-dom": "@vue/compiler-dom@3.4.33",
          "@vue/compiler-ssr": "@vue/compiler-ssr@3.4.33",
          "@vue/shared": "@vue/shared@3.4.33",
          "estree-walker": "estree-walker@2.0.2",
          "magic-string": "magic-string@0.30.10",
          "postcss": "postcss@8.4.39",
          "source-map-js": "source-map-js@1.2.0"
        }
      },
      "@vue/compiler-ssr@3.4.33": {
        "integrity": "sha512-0WveC9Ai+eT/1b6LCV5IfsufBZ0HP7pSSTdDjcuW302tTEgoBw8rHVHKPbGUtzGReUFCRXbv6zQDDgucnV2WzQ==",
        "dependencies": {
          "@vue/compiler-dom": "@vue/compiler-dom@3.4.33",
          "@vue/shared": "@vue/shared@3.4.33"
        }
      },
      "@vue/devtools-api@7.3.6": {
        "integrity": "sha512-z6cKyxdXrIGgA++eyGBfquj6dCplRdgjt+I18fJx8hjWTXDTIyeQvryyEBMchnfZVyvUTjK3QjGjDpLCnJxPjw==",
        "dependencies": {
          "@vue/devtools-kit": "@vue/devtools-kit@7.3.6"
        }
      },
      "@vue/devtools-kit@7.3.6": {
        "integrity": "sha512-5Ym9V3fkJenEoptqKoo+cgY5RTVwrSssFdzRsuyIgaeiskCT+rRJeQdwoo81tyrQ1mfS7Er1rYZlSzr3Y3L/ew==",
        "dependencies": {
          "@vue/devtools-shared": "@vue/devtools-shared@7.3.6",
          "birpc": "birpc@0.2.17",
          "hookable": "hookable@5.5.3",
          "mitt": "mitt@3.0.1",
          "perfect-debounce": "perfect-debounce@1.0.0",
          "speakingurl": "speakingurl@14.0.1",
          "superjson": "superjson@2.2.1"
        }
      },
      "@vue/devtools-shared@7.3.6": {
        "integrity": "sha512-R/FOmdJV+hhuwcNoxp6e87RRkEeDMVhWH+nOsnHUrwjjsyeXJ2W1475Ozmw+cbZhejWQzftkHVKO28Fuo1yqCw==",
        "dependencies": {
          "rfdc": "rfdc@1.4.1"
        }
      },
      "@vue/reactivity@3.4.33": {
        "integrity": "sha512-B24QIelahDbyHipBgbUItQblbd4w5HpG3KccL+YkGyo3maXyS253FzcTR3pSz739OTphmzlxP7JxEMWBpewilA==",
        "dependencies": {
          "@vue/shared": "@vue/shared@3.4.33"
        }
      },
      "@vue/runtime-core@3.4.33": {
        "integrity": "sha512-6wavthExzT4iAxpe8q37/rDmf44nyOJGISJPxCi9YsQO+8w9v0gLCFLfH5TzD1V1AYrTAdiF4Y1cgUmP68jP6w==",
        "dependencies": {
          "@vue/reactivity": "@vue/reactivity@3.4.33",
          "@vue/shared": "@vue/shared@3.4.33"
        }
      },
      "@vue/runtime-dom@3.4.33": {
        "integrity": "sha512-iHsMCUSFJ+4z432Bn9kZzHX+zOXa6+iw36DaVRmKYZpPt9jW9riF32SxNwB124i61kp9+AZtheQ/mKoJLerAaQ==",
        "dependencies": {
          "@vue/reactivity": "@vue/reactivity@3.4.33",
          "@vue/runtime-core": "@vue/runtime-core@3.4.33",
          "@vue/shared": "@vue/shared@3.4.33",
          "csstype": "csstype@3.1.3"
        }
      },
      "@vue/server-renderer@3.4.33_vue@3.4.33": {
        "integrity": "sha512-jTH0d6gQcaYideFP/k0WdEu8PpRS9MF8d0b6SfZzNi+ap972pZ0TNIeTaESwdOtdY0XPVj54XEJ6K0wXxir4fw==",
        "dependencies": {
          "@vue/compiler-ssr": "@vue/compiler-ssr@3.4.33",
          "@vue/shared": "@vue/shared@3.4.33",
          "vue": "vue@3.4.33"
        }
      },
      "@vue/shared@3.4.33": {
        "integrity": "sha512-aoRY0jQk3A/cuvdkodTrM4NMfxco8n55eG4H7ML/CRy7OryHfiqvug4xrCBBMbbN+dvXAetDDwZW9DXWWjBntA==",
        "dependencies": {}
      },
      "@vueuse/core@10.11.0_vue@3.4.33": {
        "integrity": "sha512-x3sD4Mkm7PJ+pcq3HX8PLPBadXCAlSDR/waK87dz0gQE+qJnaaFhc/dZVfJz+IUYzTMVGum2QlR7ImiJQN4s6g==",
        "dependencies": {
          "@types/web-bluetooth": "@types/web-bluetooth@0.0.20",
          "@vueuse/metadata": "@vueuse/metadata@10.11.0",
          "@vueuse/shared": "@vueuse/shared@10.11.0_vue@3.4.33",
          "vue-demi": "vue-demi@0.14.8_vue@3.4.33"
        }
      },
      "@vueuse/integrations@10.11.0_focus-trap@7.5.4_vue@3.4.33": {
        "integrity": "sha512-Pp6MtWEIr+NDOccWd8j59Kpjy5YDXogXI61Kb1JxvSfVBO8NzFQkmrKmSZz47i+ZqHnIzxaT38L358yDHTncZg==",
        "dependencies": {
          "@vueuse/core": "@vueuse/core@10.11.0_vue@3.4.33",
          "@vueuse/shared": "@vueuse/shared@10.11.0_vue@3.4.33",
          "focus-trap": "focus-trap@7.5.4",
          "vue-demi": "vue-demi@0.14.8_vue@3.4.33"
        }
      },
      "@vueuse/metadata@10.11.0": {
        "integrity": "sha512-kQX7l6l8dVWNqlqyN3ePW3KmjCQO3ZMgXuBMddIu83CmucrsBfXlH+JoviYyRBws/yLTQO8g3Pbw+bdIoVm4oQ==",
        "dependencies": {}
      },
      "@vueuse/shared@10.11.0_vue@3.4.33": {
        "integrity": "sha512-fyNoIXEq3PfX1L3NkNhtVQUSRtqYwJtJg+Bp9rIzculIZWHTkKSysujrOk2J+NrRulLTQH9+3gGSfYLWSEWU1A==",
        "dependencies": {
          "vue-demi": "vue-demi@0.14.8_vue@3.4.33"
        }
      },
      "algoliasearch@4.24.0": {
        "integrity": "sha512-bf0QV/9jVejssFBmz2HQLxUadxk574t4iwjCKp5E7NBzwKkrDEhKPISIIjAU/p6K5qDx3qoeh4+26zWN1jmw3g==",
        "dependencies": {
          "@algolia/cache-browser-local-storage": "@algolia/cache-browser-local-storage@4.24.0",
          "@algolia/cache-common": "@algolia/cache-common@4.24.0",
          "@algolia/cache-in-memory": "@algolia/cache-in-memory@4.24.0",
          "@algolia/client-account": "@algolia/client-account@4.24.0",
          "@algolia/client-analytics": "@algolia/client-analytics@4.24.0",
          "@algolia/client-common": "@algolia/client-common@4.24.0",
          "@algolia/client-personalization": "@algolia/client-personalization@4.24.0",
          "@algolia/client-search": "@algolia/client-search@4.24.0",
          "@algolia/logger-common": "@algolia/logger-common@4.24.0",
          "@algolia/logger-console": "@algolia/logger-console@4.24.0",
          "@algolia/recommend": "@algolia/recommend@4.24.0",
          "@algolia/requester-browser-xhr": "@algolia/requester-browser-xhr@4.24.0",
          "@algolia/requester-common": "@algolia/requester-common@4.24.0",
          "@algolia/requester-node-http": "@algolia/requester-node-http@4.24.0",
          "@algolia/transporter": "@algolia/transporter@4.24.0"
        }
      },
      "anymatch@3.1.3": {
        "integrity": "sha512-KMReFUr0B4t+D+OBkjR3KYqvocp2XaSzO55UcB6mgQMd3KbcE+mWTyvVV7D/zsdEbNnV6acZUutkiHQXvTr1Rw==",
        "dependencies": {
          "normalize-path": "normalize-path@3.0.0",
          "picomatch": "picomatch@2.3.1"
        }
      },
      "binary-extensions@2.3.0": {
        "integrity": "sha512-Ceh+7ox5qe7LJuLHoY0feh3pHuUDHAcRUeyL2VYghZwfpkNIy/+8Ocg0a3UuSoYzavmylwuLWQOf3hl0jjMMIw==",
        "dependencies": {}
      },
      "birpc@0.2.17": {
        "integrity": "sha512-+hkTxhot+dWsLpp3gia5AkVHIsKlZybNT5gIYiDlNzJrmYPcTM9k5/w2uaj3IPpd7LlEYpmCj4Jj1nC41VhDFg==",
        "dependencies": {}
      },
      "braces@3.0.3": {
        "integrity": "sha512-yQbXgO/OSZVD2IsiLlro+7Hf6Q18EJrKSEsdoMzKePKXct3gvD8oLcOQdIzGupr5Fj+EDe8gO/lxc1BzfMpxvA==",
        "dependencies": {
          "fill-range": "fill-range@7.1.1"
        }
      },
      "chokidar@3.6.0": {
        "integrity": "sha512-7VT13fmjotKpGipCW9JEQAusEPE+Ei8nl6/g4FBAmIm0GOOLMua9NDDo/DWp0ZAxCr3cPq5ZpBqmPAQgDda2Pw==",
        "dependencies": {
          "anymatch": "anymatch@3.1.3",
          "braces": "braces@3.0.3",
          "fsevents": "fsevents@2.3.3",
          "glob-parent": "glob-parent@5.1.2",
          "is-binary-path": "is-binary-path@2.1.0",
          "is-glob": "is-glob@4.0.3",
          "normalize-path": "normalize-path@3.0.0",
          "readdirp": "readdirp@3.6.0"
        }
      },
      "copy-anything@3.0.5": {
        "integrity": "sha512-yCEafptTtb4bk7GLEQoM8KVJpxAfdBJYaXyzQEgQQQgYrZiDp8SJmGKlYza6CYjEDNstAdNdKA3UuoULlEbS6w==",
        "dependencies": {
          "is-what": "is-what@4.1.16"
        }
      },
      "csstype@3.1.3": {
        "integrity": "sha512-M1uQkMl8rQK/szD0LNhtqxIPLpimGm8sOBwU7lLnCpSbTyY3yeU1Vc7l4KT5zT4s/yOxHH5O7tIuuLOCnLADRw==",
        "dependencies": {}
      },
      "entities@4.5.0": {
        "integrity": "sha512-V0hjH4dGPh9Ao5p0MoRY6BVqtwCjhz6vI5LT8AJ55H+4g9/4vbHx1I54fS0XuclLhDHArPQCiMjDxjaL8fPxhw==",
        "dependencies": {}
      },
      "esbuild@0.21.5": {
        "integrity": "sha512-mg3OPMV4hXywwpoDxu3Qda5xCKQi+vCTZq8S9J/EpkhB2HzKXq4SNFZE3+NK93JYxc8VMSep+lOUSC/RVKaBqw==",
        "dependencies": {
          "@esbuild/aix-ppc64": "@esbuild/aix-ppc64@0.21.5",
          "@esbuild/android-arm": "@esbuild/android-arm@0.21.5",
          "@esbuild/android-arm64": "@esbuild/android-arm64@0.21.5",
          "@esbuild/android-x64": "@esbuild/android-x64@0.21.5",
          "@esbuild/darwin-arm64": "@esbuild/darwin-arm64@0.21.5",
          "@esbuild/darwin-x64": "@esbuild/darwin-x64@0.21.5",
          "@esbuild/freebsd-arm64": "@esbuild/freebsd-arm64@0.21.5",
          "@esbuild/freebsd-x64": "@esbuild/freebsd-x64@0.21.5",
          "@esbuild/linux-arm": "@esbuild/linux-arm@0.21.5",
          "@esbuild/linux-arm64": "@esbuild/linux-arm64@0.21.5",
          "@esbuild/linux-ia32": "@esbuild/linux-ia32@0.21.5",
          "@esbuild/linux-loong64": "@esbuild/linux-loong64@0.21.5",
          "@esbuild/linux-mips64el": "@esbuild/linux-mips64el@0.21.5",
          "@esbuild/linux-ppc64": "@esbuild/linux-ppc64@0.21.5",
          "@esbuild/linux-riscv64": "@esbuild/linux-riscv64@0.21.5",
          "@esbuild/linux-s390x": "@esbuild/linux-s390x@0.21.5",
          "@esbuild/linux-x64": "@esbuild/linux-x64@0.21.5",
          "@esbuild/netbsd-x64": "@esbuild/netbsd-x64@0.21.5",
          "@esbuild/openbsd-x64": "@esbuild/openbsd-x64@0.21.5",
          "@esbuild/sunos-x64": "@esbuild/sunos-x64@0.21.5",
          "@esbuild/win32-arm64": "@esbuild/win32-arm64@0.21.5",
          "@esbuild/win32-ia32": "@esbuild/win32-ia32@0.21.5",
          "@esbuild/win32-x64": "@esbuild/win32-x64@0.21.5"
        }
      },
      "estree-walker@2.0.2": {
        "integrity": "sha512-Rfkk/Mp/DL7JVje3u18FxFujQlTNR2q6QfMSMB7AvCBx91NGj/ba3kCfza0f6dVDbw7YlRf/nDrn7pQrCCyQ/w==",
        "dependencies": {}
      },
      "fill-range@7.1.1": {
        "integrity": "sha512-YsGpe3WHLK8ZYi4tWDg2Jy3ebRz2rXowDxnld4bkQB00cc/1Zw9AWnC0i9ztDJitivtQvaI9KaLyKrc+hBW0yg==",
        "dependencies": {
          "to-regex-range": "to-regex-range@5.0.1"
        }
      },
      "focus-trap@7.5.4": {
        "integrity": "sha512-N7kHdlgsO/v+iD/dMoJKtsSqs5Dz/dXZVebRgJw23LDk+jMi/974zyiOYDziY2JPp8xivq9BmUGwIJMiuSBi7w==",
        "dependencies": {
          "tabbable": "tabbable@6.2.0"
        }
      },
      "fsevents@2.3.3": {
        "integrity": "sha512-5xoDfX+fL7faATnagmWPpbFtwh/R77WmMMqqHGS65C3vvB0YHrgF+B1YmZ3441tMj5n63k0212XNoJwzlhffQw==",
        "dependencies": {}
      },
      "glob-parent@5.1.2": {
        "integrity": "sha512-AOIgSQCepiJYwP3ARnGx+5VnTu2HBYdzbGP45eLw1vr3zB3vZLeyed1sC9hnbcOc9/SrMyM5RPQrkGz4aS9Zow==",
        "dependencies": {
          "is-glob": "is-glob@4.0.3"
        }
      },
      "hookable@5.5.3": {
        "integrity": "sha512-Yc+BQe8SvoXH1643Qez1zqLRmbA5rCL+sSmk6TVos0LWVfNIB7PGncdlId77WzLGSIB5KaWgTaNTs2lNVEI6VQ==",
        "dependencies": {}
      },
      "immutable@4.3.7": {
        "integrity": "sha512-1hqclzwYwjRDFLjcFxOM5AYkkG0rpFPpr1RLPMEuGczoS7YA8gLhy8SWXYRAA/XwfEHpfo3cw5JGioS32fnMRw==",
        "dependencies": {}
      },
      "is-binary-path@2.1.0": {
        "integrity": "sha512-ZMERYes6pDydyuGidse7OsHxtbI7WVeUEozgR/g7rd0xUimYNlvZRE/K2MgZTjWy725IfelLeVcEM97mmtRGXw==",
        "dependencies": {
          "binary-extensions": "binary-extensions@2.3.0"
        }
      },
      "is-extglob@2.1.1": {
        "integrity": "sha512-SbKbANkN603Vi4jEZv49LeVJMn4yGwsbzZworEoyEiutsN3nJYdbO36zfhGJ6QEDpOZIFkDtnq5JRxmvl3jsoQ==",
        "dependencies": {}
      },
      "is-glob@4.0.3": {
        "integrity": "sha512-xelSayHH36ZgE7ZWhli7pW34hNbNl8Ojv5KVmkJD4hBdD3th8Tfk9vYasLM+mXWOZhFkgZfxhLSnrwRr4elSSg==",
        "dependencies": {
          "is-extglob": "is-extglob@2.1.1"
        }
      },
      "is-number@7.0.0": {
        "integrity": "sha512-41Cifkg6e8TylSpdtTpeLVMqvSBEVzTttHvERD741+pnZ8ANv0004MRL43QKPDlK9cGvNp6NZWZUBlbGXYxxng==",
        "dependencies": {}
      },
      "is-what@4.1.16": {
        "integrity": "sha512-ZhMwEosbFJkA0YhFnNDgTM4ZxDRsS6HqTo7qsZM08fehyRYIYa0yHu5R6mgo1n/8MgaPBXiPimPD77baVFYg+A==",
        "dependencies": {}
      },
      "magic-string@0.30.10": {
        "integrity": "sha512-iIRwTIf0QKV3UAnYK4PU8uiEc4SRh5jX0mwpIwETPpHdhVM4f53RSwS/vXvN1JhGX+Cs7B8qIq3d6AH49O5fAQ==",
        "dependencies": {
          "@jridgewell/sourcemap-codec": "@jridgewell/sourcemap-codec@1.5.0"
        }
      },
      "mark.js@8.11.1": {
        "integrity": "sha512-1I+1qpDt4idfgLQG+BNWmrqku+7/2bi5nLf4YwF8y8zXvmfiTBY3PV3ZibfrjBueCByROpuBjLLFCajqkgYoLQ==",
        "dependencies": {}
      },
      "minisearch@7.1.0": {
        "integrity": "sha512-tv7c/uefWdEhcu6hvrfTihflgeEi2tN6VV7HJnCjK6VxM75QQJh4t9FwJCsA2EsRS8LCnu3W87CuGPWMocOLCA==",
        "dependencies": {}
      },
      "mitt@3.0.1": {
        "integrity": "sha512-vKivATfr97l2/QBCYAkXYDbrIWPM2IIKEl7YPhjCvKlG3kE2gm+uBo6nEXK3M5/Ffh/FLpKExzOQ3JJoJGFKBw==",
        "dependencies": {}
      },
      "nanoid@3.3.7": {
        "integrity": "sha512-eSRppjcPIatRIMC1U6UngP8XFcz8MQWGQdt1MTBQ7NaAmvXDfvNxbvWV3x2y6CdEUciCSsDHDQZbhYaB8QEo2g==",
        "dependencies": {}
      },
      "normalize-path@3.0.0": {
        "integrity": "sha512-6eZs5Ls3WtCisHWp9S2GUy8dqkpGi4BVSz3GaqiE6ezub0512ESztXUwUB6C6IKbQkY2Pnb/mD4WYojCRwcwLA==",
        "dependencies": {}
      },
      "perfect-debounce@1.0.0": {
        "integrity": "sha512-xCy9V055GLEqoFaHoC1SoLIaLmWctgCUaBaWxDZ7/Zx4CTyX7cJQLJOok/orfjZAh9kEYpjJa4d0KcJmCbctZA==",
        "dependencies": {}
      },
      "picocolors@1.0.1": {
        "integrity": "sha512-anP1Z8qwhkbmu7MFP5iTt+wQKXgwzf7zTyGlcdzabySa9vd0Xt392U0rVmz9poOaBj0uHJKyyo9/upk0HrEQew==",
        "dependencies": {}
      },
      "picomatch@2.3.1": {
        "integrity": "sha512-JU3teHTNjmE2VCGFzuY8EXzCDVwEqB2a8fsIvwaStHhAWJEeVd1o1QD80CU6+ZdEXXSLbSsuLwJjkCBWqRQUVA==",
        "dependencies": {}
      },
      "postcss@8.4.39": {
        "integrity": "sha512-0vzE+lAiG7hZl1/9I8yzKLx3aR9Xbof3fBHKunvMfOCYAtMhrsnccJY2iTURb9EZd5+pLuiNV9/c/GZJOHsgIw==",
        "dependencies": {
          "nanoid": "nanoid@3.3.7",
          "picocolors": "picocolors@1.0.1",
          "source-map-js": "source-map-js@1.2.0"
        }
      },
      "preact@10.22.1": {
        "integrity": "sha512-jRYbDDgMpIb5LHq3hkI0bbl+l/TQ9UnkdQ0ww+lp+4MMOdqaUYdFc5qeyP+IV8FAd/2Em7drVPeKdQxsiWCf/A==",
        "dependencies": {}
      },
      "readdirp@3.6.0": {
        "integrity": "sha512-hOS089on8RduqdbhvQ5Z37A0ESjsqz6qnRcffsMU3495FuTdqSm+7bhJ29JvIOsBDEEnan5DPu9t3To9VRlMzA==",
        "dependencies": {
          "picomatch": "picomatch@2.3.1"
        }
      },
      "rfdc@1.4.1": {
        "integrity": "sha512-q1b3N5QkRUWUl7iyylaaj3kOpIT0N2i9MqIEQXP73GVsN9cw3fdx8X63cEmWhJGi2PPCF23Ijp7ktmd39rawIA==",
        "dependencies": {}
      },
      "rollup@4.19.0": {
        "integrity": "sha512-5r7EYSQIowHsK4eTZ0Y81qpZuJz+MUuYeqmmYmRMl1nwhdmbiYqt5jwzf6u7wyOzJgYqtCRMtVRKOtHANBz7rA==",
        "dependencies": {
          "@rollup/rollup-android-arm-eabi": "@rollup/rollup-android-arm-eabi@4.19.0",
          "@rollup/rollup-android-arm64": "@rollup/rollup-android-arm64@4.19.0",
          "@rollup/rollup-darwin-arm64": "@rollup/rollup-darwin-arm64@4.19.0",
          "@rollup/rollup-darwin-x64": "@rollup/rollup-darwin-x64@4.19.0",
          "@rollup/rollup-linux-arm-gnueabihf": "@rollup/rollup-linux-arm-gnueabihf@4.19.0",
          "@rollup/rollup-linux-arm-musleabihf": "@rollup/rollup-linux-arm-musleabihf@4.19.0",
          "@rollup/rollup-linux-arm64-gnu": "@rollup/rollup-linux-arm64-gnu@4.19.0",
          "@rollup/rollup-linux-arm64-musl": "@rollup/rollup-linux-arm64-musl@4.19.0",
          "@rollup/rollup-linux-powerpc64le-gnu": "@rollup/rollup-linux-powerpc64le-gnu@4.19.0",
          "@rollup/rollup-linux-riscv64-gnu": "@rollup/rollup-linux-riscv64-gnu@4.19.0",
          "@rollup/rollup-linux-s390x-gnu": "@rollup/rollup-linux-s390x-gnu@4.19.0",
          "@rollup/rollup-linux-x64-gnu": "@rollup/rollup-linux-x64-gnu@4.19.0",
          "@rollup/rollup-linux-x64-musl": "@rollup/rollup-linux-x64-musl@4.19.0",
          "@rollup/rollup-win32-arm64-msvc": "@rollup/rollup-win32-arm64-msvc@4.19.0",
          "@rollup/rollup-win32-ia32-msvc": "@rollup/rollup-win32-ia32-msvc@4.19.0",
          "@rollup/rollup-win32-x64-msvc": "@rollup/rollup-win32-x64-msvc@4.19.0",
          "@types/estree": "@types/estree@1.0.5",
          "fsevents": "fsevents@2.3.3"
        }
      },
      "sass@1.77.8": {
        "integrity": "sha512-4UHg6prsrycW20fqLGPShtEvo/WyHRVRHwOP4DzkUrObWoWI05QBSfzU71TVB7PFaL104TwNaHpjlWXAZbQiNQ==",
        "dependencies": {
          "chokidar": "chokidar@3.6.0",
          "immutable": "immutable@4.3.7",
          "source-map-js": "source-map-js@1.2.0"
        }
      },
      "search-insights@2.15.0": {
        "integrity": "sha512-ch2sPCUDD4sbPQdknVl9ALSi9H7VyoeVbsxznYz6QV55jJ8CI3EtwpO1i84keN4+hF5IeHWIeGvc08530JkVXQ==",
        "dependencies": {}
      },
      "shiki@1.11.0": {
        "integrity": "sha512-NqH/O1zRHvnuk/WfSL6b7+DtI7/kkMMSQGlZhm9DyzSU+SoIHhaw/fBZMr+zp9R8KjdIzkk3JKSC6hORuGDyng==",
        "dependencies": {
          "@shikijs/core": "@shikijs/core@1.11.0",
          "@types/hast": "@types/hast@3.0.4"
        }
      },
      "source-map-js@1.2.0": {
        "integrity": "sha512-itJW8lvSA0TXEphiRoawsCksnlf8SyvmFzIhltqAHluXd88pkCd+cXJVHTDwdCr0IzwptSm035IHQktUu1QUMg==",
        "dependencies": {}
      },
      "speakingurl@14.0.1": {
        "integrity": "sha512-1POYv7uv2gXoyGFpBCmpDVSNV74IfsWlDW216UPjbWufNf+bSU6GdbDsxdcxtfwb4xlI3yxzOTKClUosxARYrQ==",
        "dependencies": {}
      },
      "superjson@2.2.1": {
        "integrity": "sha512-8iGv75BYOa0xRJHK5vRLEjE2H/i4lulTjzpUXic3Eg8akftYjkmQDa8JARQ42rlczXyFR3IeRoeFCc7RxHsYZA==",
        "dependencies": {
          "copy-anything": "copy-anything@3.0.5"
        }
      },
      "tabbable@6.2.0": {
        "integrity": "sha512-Cat63mxsVJlzYvN51JmVXIgNoUokrIaT2zLclCXjRd8boZ0004U4KCs/sToJ75C6sdlByWxpYnb5Boif1VSFew==",
        "dependencies": {}
      },
      "to-regex-range@5.0.1": {
        "integrity": "sha512-65P7iz6X5yEr1cwcgvQxbbIw7Uk3gOy5dIdtZ4rDveLqhrdJP+Li/Hx6tyK0NEb+2GCyneCMJiGqrADCSNk8sQ==",
        "dependencies": {
          "is-number": "is-number@7.0.0"
        }
      },
      "undici-types@5.26.5": {
        "integrity": "sha512-JlCMO+ehdEIKqlFxk6IfVoAUVmgz7cU7zD/h9XZ0qzeosSHmUJVOzSQvvYSYWXkFXC+IfLKSIffhv0sVZup6pA==",
        "dependencies": {}
      },
      "vite@5.3.4": {
        "integrity": "sha512-Cw+7zL3ZG9/NZBB8C+8QbQZmR54GwqIz+WMI4b3JgdYJvX+ny9AjJXqkGQlDXSXRP9rP0B4tbciRMOVEKulVOA==",
        "dependencies": {
          "esbuild": "esbuild@0.21.5",
          "fsevents": "fsevents@2.3.3",
          "postcss": "postcss@8.4.39",
          "rollup": "rollup@4.19.0"
        }
      },
      "vitepress@1.3.1_vite@5.3.4_vue@3.4.33_focus-trap@7.5.4": {
        "integrity": "sha512-soZDpg2rRVJNIM/IYMNDPPr+zTHDA5RbLDHAxacRu+Q9iZ2GwSR0QSUlLs+aEZTkG0SOX1dc8RmUYwyuxK8dfQ==",
        "dependencies": {
          "@docsearch/css": "@docsearch/css@3.6.1",
          "@docsearch/js": "@docsearch/js@3.6.1",
          "@shikijs/core": "@shikijs/core@1.11.0",
          "@shikijs/transformers": "@shikijs/transformers@1.11.0",
          "@types/markdown-it": "@types/markdown-it@14.1.1",
          "@vitejs/plugin-vue": "@vitejs/plugin-vue@5.0.5_vite@5.3.4_vue@3.4.33",
          "@vue/devtools-api": "@vue/devtools-api@7.3.6",
          "@vue/shared": "@vue/shared@3.4.33",
          "@vueuse/core": "@vueuse/core@10.11.0_vue@3.4.33",
          "@vueuse/integrations": "@vueuse/integrations@10.11.0_focus-trap@7.5.4_vue@3.4.33",
          "focus-trap": "focus-trap@7.5.4",
          "mark.js": "mark.js@8.11.1",
          "minisearch": "minisearch@7.1.0",
          "shiki": "shiki@1.11.0",
          "vite": "vite@5.3.4",
          "vue": "vue@3.4.33"
        }
      },
      "vue-demi@0.14.8_vue@3.4.33": {
        "integrity": "sha512-Uuqnk9YE9SsWeReYqK2alDI5YzciATE0r2SkA6iMAtuXvNTMNACJLJEXNXaEy94ECuBe4Sk6RzRU80kjdbIo1Q==",
        "dependencies": {
          "vue": "vue@3.4.33"
        }
      },
      "vue@3.4.33": {
        "integrity": "sha512-VdMCWQOummbhctl4QFMcW6eNtXHsFyDlX60O/tsSQuCcuDOnJ1qPOhhVla65Niece7xq/P2zyZReIO5mP+LGTQ==",
        "dependencies": {
          "@vue/compiler-dom": "@vue/compiler-dom@3.4.33",
          "@vue/compiler-sfc": "@vue/compiler-sfc@3.4.33",
          "@vue/runtime-dom": "@vue/runtime-dom@3.4.33",
          "@vue/server-renderer": "@vue/server-renderer@3.4.33_vue@3.4.33",
          "@vue/shared": "@vue/shared@3.4.33"
        }
      }
    }
  },
  "remote": {
    "https://deno.land/std@0.133.0/_deno_unstable.ts": "23a1a36928f1b6d3b0170aaa67de09af12aa998525f608ff7331b9fb364cbde6",
    "https://deno.land/std@0.133.0/_util/assert.ts": "e94f2eb37cebd7f199952e242c77654e43333c1ac4c5c700e929ea3aa5489f74",
    "https://deno.land/std@0.133.0/_util/os.ts": "49b92edea1e82ba295ec946de8ffd956ed123e2948d9bd1d3e901b04e4307617",
    "https://deno.land/std@0.133.0/fs/_util.ts": "0fb24eb4bfebc2c194fb1afdb42b9c3dda12e368f43e8f2321f84fc77d42cb0f",
    "https://deno.land/std@0.133.0/fs/copy.ts": "9248d1492599957af8c693ceb10a432b09f0b0b61c60a4d6aff29b0c7d3a17b3",
    "https://deno.land/std@0.133.0/fs/empty_dir.ts": "7274d87160de34cbed0531e284df383045cf43543bbeadeb97feac598bd8f3c5",
    "https://deno.land/std@0.133.0/fs/ensure_dir.ts": "9dc109c27df4098b9fc12d949612ae5c9c7169507660dcf9ad90631833209d9d",
    "https://deno.land/std@0.133.0/fs/ensure_file.ts": "7d353e64fee3d4d1e7c6b6726a2a5e987ba402c15fb49566309042887349c545",
    "https://deno.land/std@0.133.0/fs/ensure_link.ts": "489e23df9fe3e6636048b5830ddf0f111eb29621eb85719255ad9bd645f3471b",
    "https://deno.land/std@0.133.0/fs/ensure_symlink.ts": "88dc83de1bc90ed883dd458c2d2eae3d5834a4617d12925734836e1f0803b274",
    "https://deno.land/std@0.133.0/fs/eol.ts": "b92f0b88036de507e7e6fbedbe8f666835ea9dcbf5ac85917fa1fadc919f83a5",
    "https://deno.land/std@0.133.0/fs/exists.ts": "cb734d872f8554ea40b8bff77ad33d4143c1187eac621a55bf37781a43c56f6d",
    "https://deno.land/std@0.133.0/fs/expand_glob.ts": "0c10130d67c9b02164b03df8e43c6d6defbf8e395cb69d09e84a8586e6d72ac3",
    "https://deno.land/std@0.133.0/fs/mod.ts": "4dc052c461c171abb5c25f6e0f218ab838a716230930b534ba351745864b7d6d",
    "https://deno.land/std@0.133.0/fs/move.ts": "0573cedcf583f09a9494f2dfccbf67de68a93629942d6b5e6e74a9e45d4e8a2e",
    "https://deno.land/std@0.133.0/fs/walk.ts": "117403ccd21fd322febe56ba06053b1ad5064c802170f19b1ea43214088fe95f",
    "https://deno.land/std@0.133.0/path/_constants.ts": "df1db3ffa6dd6d1252cc9617e5d72165cd2483df90e93833e13580687b6083c3",
    "https://deno.land/std@0.133.0/path/_interface.ts": "ee3b431a336b80cf445441109d089b70d87d5e248f4f90ff906820889ecf8d09",
    "https://deno.land/std@0.133.0/path/_util.ts": "c1e9686d0164e29f7d880b2158971d805b6e0efc3110d0b3e24e4b8af2190d2b",
    "https://deno.land/std@0.133.0/path/common.ts": "bee563630abd2d97f99d83c96c2fa0cca7cee103e8cb4e7699ec4d5db7bd2633",
    "https://deno.land/std@0.133.0/path/glob.ts": "cb5255638de1048973c3e69e420c77dc04f75755524cb3b2e160fe9277d939ee",
    "https://deno.land/std@0.133.0/path/mod.ts": "4275129bb766f0e475ecc5246aa35689eeade419d72a48355203f31802640be7",
    "https://deno.land/std@0.133.0/path/posix.ts": "663e4a6fe30a145f56aa41a22d95114c4c5582d8b57d2d7c9ed27ad2c47636bb",
    "https://deno.land/std@0.133.0/path/separator.ts": "fe1816cb765a8068afb3e8f13ad272351c85cbc739af56dacfc7d93d710fe0f9",
    "https://deno.land/std@0.133.0/path/win32.ts": "e7bdf63e8d9982b4d8a01ef5689425c93310ece950e517476e22af10f41a136e",
    "https://deno.land/x/semver@v1.4.1/mod.ts": "0b79c87562eb8a1f008ab0d98f8bb60076dd65bc06f1f8fdfac2d2dab162c27b",
    "https://deno.land/x/zip@v1.2.5/compress.ts": "43d9f4440960d15a85aec58f5d365acc25530d3d4186b2f5f896c090ecac20e8",
    "https://deno.land/x/zip@v1.2.5/decompress.ts": "0bce3d453726f686274fab3f6c19b72b5e74223a00d89c176b1de49a5dd5528d",
    "https://deno.land/x/zip@v1.2.5/deps.ts": "79548387594b3ae1efaaa870b5a507c4d6bedede13dbd5d4ad42f6cda0aeef86",
    "https://deno.land/x/zip@v1.2.5/mod.ts": "28eecbc3e1e5adf564f4aa465e64268713a05653104bacdcb04561533f8caf57",
    "https://deno.land/x/zip@v1.2.5/utils.ts": "43c323f2b79f9db1976c5739bbb1f9cced20e8077ca7e7e703f9d01d4330bd9d"
  },
  "workspace": {
    "members": {
      "docs": {
        "packageJson": {
          "dependencies": [
            "npm:@lowlighter/xml@^5.4.12",
            "npm:@types/node@20",
            "npm:sass@^1.77.8",
            "npm:vitepress@^1.3.1",
            "npm:vue@^3.4.33"
          ]
        }
      }
    }
  }
}
